
Microsoft Visual Studio Solution File, Format Version 12.00
# Visual Studio Version 17
VisualStudioVersion = 17.14.36518.9 d17.14
MinimumVisualStudioVersion = 10.0.40219.1
Project("{FAE04EC0-301F-11D3-BF4B-00C04F79EFBC}") = "RichPanel9", "RichPanel9\RichPanel9.csproj", "{F3759D17-03A8-4AF7-89A5-84B1E4DA1414}"
EndProject
Global
	GlobalSection(SolutionConfigurationPlatforms) = preSolution
		Debug|Any CPU = Debug|Any CPU
		Release|Any CPU = Release|Any CPU
	EndGlobalSection
	GlobalSection(ProjectConfigurationPlatforms) = postSolution
		{F3759D17-03A8-4AF7-89A5-84B1E4DA1414}.Debug|Any CPU.ActiveCfg = Debug|Any CPU
		{F3759D17-03A8-4AF7-89A5-84B1E4DA1414}.Debug|Any CPU.Build.0 = Debug|Any CPU
		{F3759D17-03A8-4AF7-89A5-84B1E4DA1414}.Release|Any CPU.ActiveCfg = Release|Any CPU
		{F3759D17-03A8-4AF7-89A5-84B1E4DA1414}.Release|Any CPU.Build.0 = Release|Any CPU
	EndGlobalSection
	GlobalSection(SolutionProperties) = preSolution
		HideSolutionNode = FALSE
	EndGlobalSection
	GlobalSection(ExtensibilityGlobals) = postSolution
		SolutionGuid = {279AD4AC-B6A3-44DC-ABE1-90942B794742}
	EndGlobalSection
EndGlobal
