Microsoft Visual Studio Solution File, Format Version 12.00
# Visual Studio Version 17
VisualStudioVersion = 17.5.2.0
MinimumVisualStudioVersion = 10.0.40219.1
Project("{2150E333-8FDC-42A3-9474-1A3956D46DE8}") = "AutomaticEncoding9", "AutomaticEncoding9", "{5FB8B718-E7AB-A070-3927-2DD3BC4F39F2}"
EndProject
Project("{2150E333-8FDC-42A3-9474-1A3956D46DE8}") = "Bundling9", "Bundling9", "{F81EC387-54A1-29A8-F2D5-024770251D9B}"
EndProject
Project("{2150E333-8FDC-42A3-9474-1A3956D46DE8}") = "MvcMovies9", "MvcMovies9", "{8438D96C-794F-4B2D-1980-72ECDA04D1C2}"
EndProject
Project("{2150E333-8FDC-42A3-9474-1A3956D46DE8}") = "Stars9", "Stars9", "{E3C8CD02-1157-F297-5C33-CA44944679C2}"
EndProject
Project("{2150E333-8FDC-42A3-9474-1A3956D46DE8}") = "MvcMusicStore9", "MvcMusicStore9", "{EB6D8EFC-4B4B-558E-8CE7-6C0E2591A279}"
EndProject
Project("{2150E333-8FDC-42A3-9474-1A3956D46DE8}") = "Register9", "Register9", "{8EC1FE19-FF99-271E-3D69-D5AA4BEA2CCB}"
EndProject
Project("{2150E333-8FDC-42A3-9474-1A3956D46DE8}") = "Intro9", "Intro9", "{363705B9-7C3E-C3F6-2655-2563281E3067}"
EndProject
Project("{2150E333-8FDC-42A3-9474-1A3956D46DE8}") = "RichPanel9", "RichPanel9", "{1CA95D1F-8814-19BF-3185-D5A6C321F47D}"
EndProject
Project("{2150E333-8FDC-42A3-9474-1A3956D46DE8}") = "Calculator9", "Calculator9", "{B3F1E5CE-E176-D51C-103B-EC9C7F4110C8}"
EndProject
Project("{2150E333-8FDC-42A3-9474-1A3956D46DE8}") = "TUI_TravelNET9", "TUI_TravelNET9", "{0273388F-8803-66B1-4C3B-14C359653B20}"
EndProject
Project("{2150E333-8FDC-42A3-9474-1A3956D46DE8}") = "Travel9", "Travel9", "{45C24120-5F1A-BF92-0B02-2632862D33A2}"
EndProject
Project("{2150E333-8FDC-42A3-9474-1A3956D46DE8}") = "PartialView9", "PartialView9", "{AA399E1C-4840-8C1F-95E5-18B3742F78E7}"
EndProject
Project("{2150E333-8FDC-42A3-9474-1A3956D46DE8}") = "Beer9", "Beer9", "{CF7FF85C-39B3-CC70-4338-8397D89A38A7}"
EndProject
Project("{FAE04EC0-301F-11D3-BF4B-00C04F79EFBC}") = "AutomaticEncoding9", "AutomaticEncoding9\AutomaticEncoding9\AutomaticEncoding9.csproj", "{2FD09AEE-07DE-E8DF-4D74-18DB07942391}"
EndProject
Project("{FAE04EC0-301F-11D3-BF4B-00C04F79EFBC}") = "AutomaticEncoding.Service", "AutomaticEncoding9\AutomaticEncoding.Service\AutomaticEncoding.Service.csproj", "{C1DFECA9-8780-5DF3-EEBF-EF8477C9F5F0}"
EndProject
Project("{FAE04EC0-301F-11D3-BF4B-00C04F79EFBC}") = "AutomaticEncoding.Domain", "AutomaticEncoding9\AutomaticEncoding.Domain\AutomaticEncoding.Domain.csproj", "{D03BD036-D3FB-73A4-CBF4-2A2F666BAE43}"
EndProject
Project("{FAE04EC0-301F-11D3-BF4B-00C04F79EFBC}") = "AutomaticEncoding.Repository", "AutomaticEncoding9\AutomaticEncoding.Repository\AutomaticEncoding.Repository.csproj", "{70E1CC51-4B5B-09BD-BE9A-97BDBA9DBBED}"
EndProject
Project("{FAE04EC0-301F-11D3-BF4B-00C04F79EFBC}") = "Bundling9", "Bundling9\Bundling9\Bundling9.csproj", "{9D5A5B4F-9360-8646-040F-B216311715AE}"
EndProject
Project("{FAE04EC0-301F-11D3-BF4B-00C04F79EFBC}") = "MvcMovies9", "MvcMovies9\MvcMovies9\MvcMovies9.csproj", "{36078B79-8EEE-4091-5689-C20DAF948DAA}"
EndProject
Project("{FAE04EC0-301F-11D3-BF4B-00C04F79EFBC}") = "Stars", "Stars9\Stars\Stars.csproj", "{FD8EC5B3-A34C-4230-C2A7-A307755D81CE}"
EndProject
Project("{FAE04EC0-301F-11D3-BF4B-00C04F79EFBC}") = "MvcMusicStore9", "MvcMusicStore9\MvcMusicStore\MvcMusicStore9.csproj", "{91662229-D6F9-DD14-0BF0-3BBBE979DC68}"
EndProject
Project("{FAE04EC0-301F-11D3-BF4B-00C04F79EFBC}") = "Register9", "Register9\Register9\Register9.csproj", "{F1099FF7-20B9-29E1-C142-C201A1A3188D}"
EndProject
Project("{FAE04EC0-301F-11D3-BF4B-00C04F79EFBC}") = "Intro", "Intro9\Intro\Intro.csproj", "{5A1122F9-559E-A1A7-8B52-7BE296316CDA}"
EndProject
Project("{FAE04EC0-301F-11D3-BF4B-00C04F79EFBC}") = "RichPanel9", "RichPanel9\RichPanel9\RichPanel9.csproj", "{11F547BC-F80A-4DA5-B91D-522FDB114164}"
EndProject
Project("{FAE04EC0-301F-11D3-BF4B-00C04F79EFBC}") = "Calculator", "Calculator9\Calculator\Calculator.csproj", "{34D1EC1F-B621-3721-5C0B-7197C76ABA57}"
EndProject
Project("{FAE04EC0-301F-11D3-BF4B-00C04F79EFBC}") = "TUI_TravelNET9.Domain", "TUI_TravelNET9\TUI_TravelNET9.Domain\TUI_TravelNET9.Domain.csproj", "{F57DDEC0-C736-F20D-FAE5-43981614347C}"
EndProject
Project("{FAE04EC0-301F-11D3-BF4B-00C04F79EFBC}") = "TUI_TravelNET9", "TUI_TravelNET9\TUI_TravelNET9\TUI_TravelNET9.csproj", "{42C27A5B-38FB-0AEA-E335-97A6EF21BB65}"
EndProject
Project("{FAE04EC0-301F-11D3-BF4B-00C04F79EFBC}") = "TUI_TravelNET9.Repositories", "TUI_TravelNET9\TUI_TravelNET9.Repositories\TUI_TravelNET9.Repositories.csproj", "{0CEFB806-4044-ACE0-651E-8FEB38BA2DC6}"
EndProject
Project("{FAE04EC0-301F-11D3-BF4B-00C04F79EFBC}") = "TUI_TravelNET9.Services", "TUI_TravelNET9\TUI_TravelNET9.Services\TUI_TravelNET9.Services.csproj", "{C3D20BC3-10A7-63C2-013B-5AD82B2A26DB}"
EndProject
Project("{FAE04EC0-301F-11D3-BF4B-00C04F79EFBC}") = "Travel.Service", "Travel9\Travel.Service\Travel.Service.csproj", "{D14E6E4E-C3F9-0A0B-68ED-F8B9D6ABCAA4}"
EndProject
Project("{FAE04EC0-301F-11D3-BF4B-00C04F79EFBC}") = "Travel9", "Travel9\Travel9\Travel9.csproj", "{9C4E0789-5C79-B7E0-4E5E-2FA020FC5F27}"
EndProject
Project("{FAE04EC0-301F-11D3-BF4B-00C04F79EFBC}") = "PartialView.Domain", "PartialView9\PartialView.Domain\PartialView.Domain.csproj", "{2B2DBCBF-5B81-4527-5279-AF41A9F978CB}"
EndProject
Project("{FAE04EC0-301F-11D3-BF4B-00C04F79EFBC}") = "PartialView.Repositories", "PartialView9\PartialView.Repositories\PartialView.Repositories.csproj", "{AC0B0C00-69D3-CAC9-775E-84E3FA7E05D6}"
EndProject
Project("{FAE04EC0-301F-11D3-BF4B-00C04F79EFBC}") = "PartialView.Services", "PartialView9\PartialView.Services\PartialView.Services.csproj", "{9A078FCC-76BD-AF94-277B-C009ED242BB4}"
EndProject
Project("{FAE04EC0-301F-11D3-BF4B-00C04F79EFBC}") = "PartialView9", "PartialView9\PartialView9\PartialView9.csproj", "{4CD55DAC-4DFB-8F39-6AB0-1FF9EDF85061}"
EndProject
Project("{FAE04EC0-301F-11D3-BF4B-00C04F79EFBC}") = "Beer9.Services", "Beer9\Beer9.Services\Beer9.Services.csproj", "{7FF4D693-092A-5FA4-5CFF-487780AEBBAC}"
EndProject
Project("{FAE04EC0-301F-11D3-BF4B-00C04F79EFBC}") = "Beer9.Domain", "Beer9\Beer9.Domain\Beer9.Domain.csproj", "{422410F9-3A06-EA66-E8E1-AA107CEFB8C4}"
EndProject
Project("{FAE04EC0-301F-11D3-BF4B-00C04F79EFBC}") = "Beer9", "Beer9\Beer9\Beer9.csproj", "{31AD2538-430D-D4B1-B528-ADE82ED4047E}"
EndProject
Global
	GlobalSection(SolutionConfigurationPlatforms) = preSolution
		Debug|Any CPU = Debug|Any CPU
		Release|Any CPU = Release|Any CPU
	EndGlobalSection
	GlobalSection(ProjectConfigurationPlatforms) = postSolution
		{2FD09AEE-07DE-E8DF-4D74-18DB07942391}.Debug|Any CPU.ActiveCfg = Debug|Any CPU
		{2FD09AEE-07DE-E8DF-4D74-18DB07942391}.Debug|Any CPU.Build.0 = Debug|Any CPU
		{2FD09AEE-07DE-E8DF-4D74-18DB07942391}.Release|Any CPU.ActiveCfg = Release|Any CPU
		{2FD09AEE-07DE-E8DF-4D74-18DB07942391}.Release|Any CPU.Build.0 = Release|Any CPU
		{C1DFECA9-8780-5DF3-EEBF-EF8477C9F5F0}.Debug|Any CPU.ActiveCfg = Debug|Any CPU
		{C1DFECA9-8780-5DF3-EEBF-EF8477C9F5F0}.Debug|Any CPU.Build.0 = Debug|Any CPU
		{C1DFECA9-8780-5DF3-EEBF-EF8477C9F5F0}.Release|Any CPU.ActiveCfg = Release|Any CPU
		{C1DFECA9-8780-5DF3-EEBF-EF8477C9F5F0}.Release|Any CPU.Build.0 = Release|Any CPU
		{D03BD036-D3FB-73A4-CBF4-2A2F666BAE43}.Debug|Any CPU.ActiveCfg = Debug|Any CPU
		{D03BD036-D3FB-73A4-CBF4-2A2F666BAE43}.Debug|Any CPU.Build.0 = Debug|Any CPU
		{D03BD036-D3FB-73A4-CBF4-2A2F666BAE43}.Release|Any CPU.ActiveCfg = Release|Any CPU
		{D03BD036-D3FB-73A4-CBF4-2A2F666BAE43}.Release|Any CPU.Build.0 = Release|Any CPU
		{70E1CC51-4B5B-09BD-BE9A-97BDBA9DBBED}.Debug|Any CPU.ActiveCfg = Debug|Any CPU
		{70E1CC51-4B5B-09BD-BE9A-97BDBA9DBBED}.Debug|Any CPU.Build.0 = Debug|Any CPU
		{70E1CC51-4B5B-09BD-BE9A-97BDBA9DBBED}.Release|Any CPU.ActiveCfg = Release|Any CPU
		{70E1CC51-4B5B-09BD-BE9A-97BDBA9DBBED}.Release|Any CPU.Build.0 = Release|Any CPU
		{9D5A5B4F-9360-8646-040F-B216311715AE}.Debug|Any CPU.ActiveCfg = Debug|Any CPU
		{9D5A5B4F-9360-8646-040F-B216311715AE}.Debug|Any CPU.Build.0 = Debug|Any CPU
		{9D5A5B4F-9360-8646-040F-B216311715AE}.Release|Any CPU.ActiveCfg = Release|Any CPU
		{9D5A5B4F-9360-8646-040F-B216311715AE}.Release|Any CPU.Build.0 = Release|Any CPU
		{36078B79-8EEE-4091-5689-C20DAF948DAA}.Debug|Any CPU.ActiveCfg = Debug|Any CPU
		{36078B79-8EEE-4091-5689-C20DAF948DAA}.Debug|Any CPU.Build.0 = Debug|Any CPU
		{36078B79-8EEE-4091-5689-C20DAF948DAA}.Release|Any CPU.ActiveCfg = Release|Any CPU
		{36078B79-8EEE-4091-5689-C20DAF948DAA}.Release|Any CPU.Build.0 = Release|Any CPU
		{FD8EC5B3-A34C-4230-C2A7-A307755D81CE}.Debug|Any CPU.ActiveCfg = Debug|Any CPU
		{FD8EC5B3-A34C-4230-C2A7-A307755D81CE}.Debug|Any CPU.Build.0 = Debug|Any CPU
		{FD8EC5B3-A34C-4230-C2A7-A307755D81CE}.Release|Any CPU.ActiveCfg = Release|Any CPU
		{FD8EC5B3-A34C-4230-C2A7-A307755D81CE}.Release|Any CPU.Build.0 = Release|Any CPU
		{91662229-D6F9-DD14-0BF0-3BBBE979DC68}.Debug|Any CPU.ActiveCfg = Debug|Any CPU
		{91662229-D6F9-DD14-0BF0-3BBBE979DC68}.Debug|Any CPU.Build.0 = Debug|Any CPU
		{91662229-D6F9-DD14-0BF0-3BBBE979DC68}.Release|Any CPU.ActiveCfg = Release|Any CPU
		{91662229-D6F9-DD14-0BF0-3BBBE979DC68}.Release|Any CPU.Build.0 = Release|Any CPU
		{F1099FF7-20B9-29E1-C142-C201A1A3188D}.Debug|Any CPU.ActiveCfg = Debug|Any CPU
		{F1099FF7-20B9-29E1-C142-C201A1A3188D}.Debug|Any CPU.Build.0 = Debug|Any CPU
		{F1099FF7-20B9-29E1-C142-C201A1A3188D}.Release|Any CPU.ActiveCfg = Release|Any CPU
		{F1099FF7-20B9-29E1-C142-C201A1A3188D}.Release|Any CPU.Build.0 = Release|Any CPU
		{5A1122F9-559E-A1A7-8B52-7BE296316CDA}.Debug|Any CPU.ActiveCfg = Debug|Any CPU
		{5A1122F9-559E-A1A7-8B52-7BE296316CDA}.Debug|Any CPU.Build.0 = Debug|Any CPU
		{5A1122F9-559E-A1A7-8B52-7BE296316CDA}.Release|Any CPU.ActiveCfg = Release|Any CPU
		{5A1122F9-559E-A1A7-8B52-7BE296316CDA}.Release|Any CPU.Build.0 = Release|Any CPU
		{11F547BC-F80A-4DA5-B91D-522FDB114164}.Debug|Any CPU.ActiveCfg = Debug|Any CPU
		{11F547BC-F80A-4DA5-B91D-522FDB114164}.Debug|Any CPU.Build.0 = Debug|Any CPU
		{11F547BC-F80A-4DA5-B91D-522FDB114164}.Release|Any CPU.ActiveCfg = Release|Any CPU
		{11F547BC-F80A-4DA5-B91D-522FDB114164}.Release|Any CPU.Build.0 = Release|Any CPU
		{34D1EC1F-B621-3721-5C0B-7197C76ABA57}.Debug|Any CPU.ActiveCfg = Debug|Any CPU
		{34D1EC1F-B621-3721-5C0B-7197C76ABA57}.Debug|Any CPU.Build.0 = Debug|Any CPU
		{34D1EC1F-B621-3721-5C0B-7197C76ABA57}.Release|Any CPU.ActiveCfg = Release|Any CPU
		{34D1EC1F-B621-3721-5C0B-7197C76ABA57}.Release|Any CPU.Build.0 = Release|Any CPU
		{F57DDEC0-C736-F20D-FAE5-43981614347C}.Debug|Any CPU.ActiveCfg = Debug|Any CPU
		{F57DDEC0-C736-F20D-FAE5-43981614347C}.Debug|Any CPU.Build.0 = Debug|Any CPU
		{F57DDEC0-C736-F20D-FAE5-43981614347C}.Release|Any CPU.ActiveCfg = Release|Any CPU
		{F57DDEC0-C736-F20D-FAE5-43981614347C}.Release|Any CPU.Build.0 = Release|Any CPU
		{42C27A5B-38FB-0AEA-E335-97A6EF21BB65}.Debug|Any CPU.ActiveCfg = Debug|Any CPU
		{42C27A5B-38FB-0AEA-E335-97A6EF21BB65}.Debug|Any CPU.Build.0 = Debug|Any CPU
		{42C27A5B-38FB-0AEA-E335-97A6EF21BB65}.Release|Any CPU.ActiveCfg = Release|Any CPU
		{42C27A5B-38FB-0AEA-E335-97A6EF21BB65}.Release|Any CPU.Build.0 = Release|Any CPU
		{0CEFB806-4044-ACE0-651E-8FEB38BA2DC6}.Debug|Any CPU.ActiveCfg = Debug|Any CPU
		{0CEFB806-4044-ACE0-651E-8FEB38BA2DC6}.Debug|Any CPU.Build.0 = Debug|Any CPU
		{0CEFB806-4044-ACE0-651E-8FEB38BA2DC6}.Release|Any CPU.ActiveCfg = Release|Any CPU
		{0CEFB806-4044-ACE0-651E-8FEB38BA2DC6}.Release|Any CPU.Build.0 = Release|Any CPU
		{C3D20BC3-10A7-63C2-013B-5AD82B2A26DB}.Debug|Any CPU.ActiveCfg = Debug|Any CPU
		{C3D20BC3-10A7-63C2-013B-5AD82B2A26DB}.Debug|Any CPU.Build.0 = Debug|Any CPU
		{C3D20BC3-10A7-63C2-013B-5AD82B2A26DB}.Release|Any CPU.ActiveCfg = Release|Any CPU
		{C3D20BC3-10A7-63C2-013B-5AD82B2A26DB}.Release|Any CPU.Build.0 = Release|Any CPU
		{D14E6E4E-C3F9-0A0B-68ED-F8B9D6ABCAA4}.Debug|Any CPU.ActiveCfg = Debug|Any CPU
		{D14E6E4E-C3F9-0A0B-68ED-F8B9D6ABCAA4}.Debug|Any CPU.Build.0 = Debug|Any CPU
		{D14E6E4E-C3F9-0A0B-68ED-F8B9D6ABCAA4}.Release|Any CPU.ActiveCfg = Release|Any CPU
		{D14E6E4E-C3F9-0A0B-68ED-F8B9D6ABCAA4}.Release|Any CPU.Build.0 = Release|Any CPU
		{9C4E0789-5C79-B7E0-4E5E-2FA020FC5F27}.Debug|Any CPU.ActiveCfg = Debug|Any CPU
		{9C4E0789-5C79-B7E0-4E5E-2FA020FC5F27}.Debug|Any CPU.Build.0 = Debug|Any CPU
		{9C4E0789-5C79-B7E0-4E5E-2FA020FC5F27}.Release|Any CPU.ActiveCfg = Release|Any CPU
		{9C4E0789-5C79-B7E0-4E5E-2FA020FC5F27}.Release|Any CPU.Build.0 = Release|Any CPU
		{2B2DBCBF-5B81-4527-5279-AF41A9F978CB}.Debug|Any CPU.ActiveCfg = Debug|Any CPU
		{2B2DBCBF-5B81-4527-5279-AF41A9F978CB}.Debug|Any CPU.Build.0 = Debug|Any CPU
		{2B2DBCBF-5B81-4527-5279-AF41A9F978CB}.Release|Any CPU.ActiveCfg = Release|Any CPU
		{2B2DBCBF-5B81-4527-5279-AF41A9F978CB}.Release|Any CPU.Build.0 = Release|Any CPU
		{AC0B0C00-69D3-CAC9-775E-84E3FA7E05D6}.Debug|Any CPU.ActiveCfg = Debug|Any CPU
		{AC0B0C00-69D3-CAC9-775E-84E3FA7E05D6}.Debug|Any CPU.Build.0 = Debug|Any CPU
		{AC0B0C00-69D3-CAC9-775E-84E3FA7E05D6}.Release|Any CPU.ActiveCfg = Release|Any CPU
		{AC0B0C00-69D3-CAC9-775E-84E3FA7E05D6}.Release|Any CPU.Build.0 = Release|Any CPU
		{9A078FCC-76BD-AF94-277B-C009ED242BB4}.Debug|Any CPU.ActiveCfg = Debug|Any CPU
		{9A078FCC-76BD-AF94-277B-C009ED242BB4}.Debug|Any CPU.Build.0 = Debug|Any CPU
		{9A078FCC-76BD-AF94-277B-C009ED242BB4}.Release|Any CPU.ActiveCfg = Release|Any CPU
		{9A078FCC-76BD-AF94-277B-C009ED242BB4}.Release|Any CPU.Build.0 = Release|Any CPU
		{4CD55DAC-4DFB-8F39-6AB0-1FF9EDF85061}.Debug|Any CPU.ActiveCfg = Debug|Any CPU
		{4CD55DAC-4DFB-8F39-6AB0-1FF9EDF85061}.Debug|Any CPU.Build.0 = Debug|Any CPU
		{4CD55DAC-4DFB-8F39-6AB0-1FF9EDF85061}.Release|Any CPU.ActiveCfg = Release|Any CPU
		{4CD55DAC-4DFB-8F39-6AB0-1FF9EDF85061}.Release|Any CPU.Build.0 = Release|Any CPU
		{7FF4D693-092A-5FA4-5CFF-487780AEBBAC}.Debug|Any CPU.ActiveCfg = Debug|Any CPU
		{7FF4D693-092A-5FA4-5CFF-487780AEBBAC}.Debug|Any CPU.Build.0 = Debug|Any CPU
		{7FF4D693-092A-5FA4-5CFF-487780AEBBAC}.Release|Any CPU.ActiveCfg = Release|Any CPU
		{7FF4D693-092A-5FA4-5CFF-487780AEBBAC}.Release|Any CPU.Build.0 = Release|Any CPU
		{422410F9-3A06-EA66-E8E1-AA107CEFB8C4}.Debug|Any CPU.ActiveCfg = Debug|Any CPU
		{422410F9-3A06-EA66-E8E1-AA107CEFB8C4}.Debug|Any CPU.Build.0 = Debug|Any CPU
		{422410F9-3A06-EA66-E8E1-AA107CEFB8C4}.Release|Any CPU.ActiveCfg = Release|Any CPU
		{422410F9-3A06-EA66-E8E1-AA107CEFB8C4}.Release|Any CPU.Build.0 = Release|Any CPU
		{31AD2538-430D-D4B1-B528-ADE82ED4047E}.Debug|Any CPU.ActiveCfg = Debug|Any CPU
		{31AD2538-430D-D4B1-B528-ADE82ED4047E}.Debug|Any CPU.Build.0 = Debug|Any CPU
		{31AD2538-430D-D4B1-B528-ADE82ED4047E}.Release|Any CPU.ActiveCfg = Release|Any CPU
		{31AD2538-430D-D4B1-B528-ADE82ED4047E}.Release|Any CPU.Build.0 = Release|Any CPU
	EndGlobalSection
	GlobalSection(SolutionProperties) = preSolution
		HideSolutionNode = FALSE
	EndGlobalSection
	GlobalSection(NestedProjects) = preSolution
		{2FD09AEE-07DE-E8DF-4D74-18DB07942391} = {5FB8B718-E7AB-A070-3927-2DD3BC4F39F2}
		{C1DFECA9-8780-5DF3-EEBF-EF8477C9F5F0} = {5FB8B718-E7AB-A070-3927-2DD3BC4F39F2}
		{D03BD036-D3FB-73A4-CBF4-2A2F666BAE43} = {5FB8B718-E7AB-A070-3927-2DD3BC4F39F2}
		{70E1CC51-4B5B-09BD-BE9A-97BDBA9DBBED} = {5FB8B718-E7AB-A070-3927-2DD3BC4F39F2}
		{9D5A5B4F-9360-8646-040F-B216311715AE} = {F81EC387-54A1-29A8-F2D5-024770251D9B}
		{36078B79-8EEE-4091-5689-C20DAF948DAA} = {8438D96C-794F-4B2D-1980-72ECDA04D1C2}
		{FD8EC5B3-A34C-4230-C2A7-A307755D81CE} = {E3C8CD02-1157-F297-5C33-CA44944679C2}
		{91662229-D6F9-DD14-0BF0-3BBBE979DC68} = {EB6D8EFC-4B4B-558E-8CE7-6C0E2591A279}
		{F1099FF7-20B9-29E1-C142-C201A1A3188D} = {8EC1FE19-FF99-271E-3D69-D5AA4BEA2CCB}
		{5A1122F9-559E-A1A7-8B52-7BE296316CDA} = {363705B9-7C3E-C3F6-2655-2563281E3067}
		{11F547BC-F80A-4DA5-B91D-522FDB114164} = {1CA95D1F-8814-19BF-3185-D5A6C321F47D}
		{34D1EC1F-B621-3721-5C0B-7197C76ABA57} = {B3F1E5CE-E176-D51C-103B-EC9C7F4110C8}
		{F57DDEC0-C736-F20D-FAE5-43981614347C} = {0273388F-8803-66B1-4C3B-14C359653B20}
		{42C27A5B-38FB-0AEA-E335-97A6EF21BB65} = {0273388F-8803-66B1-4C3B-14C359653B20}
		{0CEFB806-4044-ACE0-651E-8FEB38BA2DC6} = {0273388F-8803-66B1-4C3B-14C359653B20}
		{C3D20BC3-10A7-63C2-013B-5AD82B2A26DB} = {0273388F-8803-66B1-4C3B-14C359653B20}
		{D14E6E4E-C3F9-0A0B-68ED-F8B9D6ABCAA4} = {45C24120-5F1A-BF92-0B02-2632862D33A2}
		{9C4E0789-5C79-B7E0-4E5E-2FA020FC5F27} = {45C24120-5F1A-BF92-0B02-2632862D33A2}
		{2B2DBCBF-5B81-4527-5279-AF41A9F978CB} = {AA399E1C-4840-8C1F-95E5-18B3742F78E7}
		{AC0B0C00-69D3-CAC9-775E-84E3FA7E05D6} = {AA399E1C-4840-8C1F-95E5-18B3742F78E7}
		{9A078FCC-76BD-AF94-277B-C009ED242BB4} = {AA399E1C-4840-8C1F-95E5-18B3742F78E7}
		{4CD55DAC-4DFB-8F39-6AB0-1FF9EDF85061} = {AA399E1C-4840-8C1F-95E5-18B3742F78E7}
		{7FF4D693-092A-5FA4-5CFF-487780AEBBAC} = {CF7FF85C-39B3-CC70-4338-8397D89A38A7}
		{422410F9-3A06-EA66-E8E1-AA107CEFB8C4} = {CF7FF85C-39B3-CC70-4338-8397D89A38A7}
		{31AD2538-430D-D4B1-B528-ADE82ED4047E} = {CF7FF85C-39B3-CC70-4338-8397D89A38A7}
	EndGlobalSection
	GlobalSection(ExtensibilityGlobals) = postSolution
		SolutionGuid = {9E8B0CAD-FA36-4C69-B5E3-952DEBF347B3}
	EndGlobalSection
EndGlobal
